
Microsoft Visual Studio Solution File, Format Version 12.00
# Visual Studio Version 17
VisualStudioVersion = 17.4.33122.133
MinimumVisualStudioVersion = 10.0.40219.1
Project("{FAE04EC0-301F-11D3-BF4B-00C04F79EFBC}") = "Guava-ECommerce", "Guava-ECommerce\Guava-ECommerce.csproj", "{5D907B3A-E16F-4A61-910E-3F0989469DF1}"
EndProject
Global
	GlobalSection(SolutionConfigurationPlatforms) = preSolution
		Debug|Any CPU = Debug|Any CPU
		Release|Any CPU = Release|Any CPU
	EndGlobalSection
	GlobalSection(ProjectConfigurationPlatforms) = postSolution
		{5D907B3A-E16F-4A61-910E-3F0989469DF1}.Debug|Any CPU.ActiveCfg = Debug|Any CPU
		{5D907B3A-E16F-4A61-910E-3F0989469DF1}.Debug|Any CPU.Build.0 = Debug|Any CPU
		{5D907B3A-E16F-4A61-910E-3F0989469DF1}.Release|Any CPU.ActiveCfg = Release|Any CPU
		{5D907B3A-E16F-4A61-910E-3F0989469DF1}.Release|Any CPU.Build.0 = Release|Any CPU
	EndGlobalSection
	GlobalSection(SolutionProperties) = preSolution
		HideSolutionNode = FALSE
	EndGlobalSection
	GlobalSection(ExtensibilityGlobals) = postSolution
		SolutionGuid = {05ECC1AB-397F-4E36-99FA-E69E5D1BC6A4}
	EndGlobalSection
EndGlobal
